
Microsoft Visual Studio Solution File, Format Version 12.00
# Visual Studio Version 16
VisualStudioVersion = 16.0.30011.22
MinimumVisualStudioVersion = 10.0.40219.1
Project("{888888A0-9F3D-457C-B088-3A5042F75D52}") = "Properties", "Properties\Properties.pyproj", "{2E6B7013-BBAC-48D8-AF48-0583F159CB81}"
EndProject
Global
	GlobalSection(SolutionConfigurationPlatforms) = preSolution
		Debug|Any CPU = Debug|Any CPU
		Release|Any CPU = Release|Any CPU
	EndGlobalSection
	GlobalSection(ProjectConfigurationPlatforms) = postSolution
		{2E6B7013-BBAC-48D8-AF48-0583F159CB81}.Debug|Any CPU.ActiveCfg = Debug|Any CPU
		{2E6B7013-BBAC-48D8-AF48-0583F159CB81}.Release|Any CPU.ActiveCfg = Release|Any CPU
	EndGlobalSection
	GlobalSection(SolutionProperties) = preSolution
		HideSolutionNode = FALSE
	EndGlobalSection
	GlobalSection(ExtensibilityGlobals) = postSolution
		SolutionGuid = {DFF221C1-D945-44EC-B6BB-8F1296B0BF89}
	EndGlobalSection
EndGlobal
