
Microsoft Visual Studio Solution File, Format Version 12.00
# Visual Studio Version 16
VisualStudioVersion = 16.0.30011.22
MinimumVisualStudioVersion = 10.0.40219.1
Project("{888888A0-9F3D-457C-B088-3A5042F75D52}") = "The Zen of Python", "The Zen of Python\The Zen of Python.pyproj", "{6E05A731-06AF-408F-BA73-E98E26F100D4}"
EndProject
Global
	GlobalSection(SolutionConfigurationPlatforms) = preSolution
		Debug|Any CPU = Debug|Any CPU
		Release|Any CPU = Release|Any CPU
	EndGlobalSection
	GlobalSection(ProjectConfigurationPlatforms) = postSolution
		{6E05A731-06AF-408F-BA73-E98E26F100D4}.Debug|Any CPU.ActiveCfg = Debug|Any CPU
		{6E05A731-06AF-408F-BA73-E98E26F100D4}.Release|Any CPU.ActiveCfg = Release|Any CPU
	EndGlobalSection
	GlobalSection(SolutionProperties) = preSolution
		HideSolutionNode = FALSE
	EndGlobalSection
	GlobalSection(ExtensibilityGlobals) = postSolution
		SolutionGuid = {E8CE6157-5F7C-41FB-97F3-74A2E4799FD1}
	EndGlobalSection
EndGlobal
