
Microsoft Visual Studio Solution File, Format Version 12.00
# Visual Studio Version 16
VisualStudioVersion = 16.0.29911.84
MinimumVisualStudioVersion = 10.0.40219.1
Project("{888888A0-9F3D-457C-B088-3A5042F75D52}") = "List Operations", "List Operations.pyproj", "{9E348AF6-467B-4EB2-92E0-046F7E18131F}"
EndProject
Global
	GlobalSection(SolutionConfigurationPlatforms) = preSolution
		Debug|Any CPU = Debug|Any CPU
		Release|Any CPU = Release|Any CPU
	EndGlobalSection
	GlobalSection(ProjectConfigurationPlatforms) = postSolution
		{9E348AF6-467B-4EB2-92E0-046F7E18131F}.Debug|Any CPU.ActiveCfg = Debug|Any CPU
		{9E348AF6-467B-4EB2-92E0-046F7E18131F}.Release|Any CPU.ActiveCfg = Release|Any CPU
	EndGlobalSection
	GlobalSection(SolutionProperties) = preSolution
		HideSolutionNode = FALSE
	EndGlobalSection
	GlobalSection(ExtensibilityGlobals) = postSolution
		SolutionGuid = {6CB38409-18C2-4C8B-B024-D747BB5D5820}
	EndGlobalSection
EndGlobal
