
Microsoft Visual Studio Solution File, Format Version 12.00
# Visual Studio Version 16
VisualStudioVersion = 16.0.29926.136
MinimumVisualStudioVersion = 10.0.40219.1
Project("{888888A0-9F3D-457C-B088-3A5042F75D52}") = "Exceptions", "Exceptions.pyproj", "{C7E41D67-795A-4E61-BD3F-FB61266214C7}"
EndProject
Global
	GlobalSection(SolutionConfigurationPlatforms) = preSolution
		Debug|Any CPU = Debug|Any CPU
		Release|Any CPU = Release|Any CPU
	EndGlobalSection
	GlobalSection(ProjectConfigurationPlatforms) = postSolution
		{C7E41D67-795A-4E61-BD3F-FB61266214C7}.Debug|Any CPU.ActiveCfg = Debug|Any CPU
		{C7E41D67-795A-4E61-BD3F-FB61266214C7}.Release|Any CPU.ActiveCfg = Release|Any CPU
	EndGlobalSection
	GlobalSection(SolutionProperties) = preSolution
		HideSolutionNode = FALSE
	EndGlobalSection
	GlobalSection(ExtensibilityGlobals) = postSolution
		SolutionGuid = {20CFCD37-E268-41E6-B746-8F037E738045}
	EndGlobalSection
EndGlobal
