
Microsoft Visual Studio Solution File, Format Version 12.00
# Visual Studio Version 16
VisualStudioVersion = 16.0.29926.136
MinimumVisualStudioVersion = 10.0.40219.1
Project("{888888A0-9F3D-457C-B088-3A5042F75D52}") = "Tuples", "Tuples.pyproj", "{9865A3C9-8B62-4B90-B31A-C3F8081FB9FE}"
EndProject
Global
	GlobalSection(SolutionConfigurationPlatforms) = preSolution
		Debug|Any CPU = Debug|Any CPU
		Release|Any CPU = Release|Any CPU
	EndGlobalSection
	GlobalSection(ProjectConfigurationPlatforms) = postSolution
		{9865A3C9-8B62-4B90-B31A-C3F8081FB9FE}.Debug|Any CPU.ActiveCfg = Debug|Any CPU
		{9865A3C9-8B62-4B90-B31A-C3F8081FB9FE}.Release|Any CPU.ActiveCfg = Release|Any CPU
	EndGlobalSection
	GlobalSection(SolutionProperties) = preSolution
		HideSolutionNode = FALSE
	EndGlobalSection
	GlobalSection(ExtensibilityGlobals) = postSolution
		SolutionGuid = {C1A6F7E4-5039-42F5-A116-1DB21B9E4937}
	EndGlobalSection
EndGlobal
