
Microsoft Visual Studio Solution File, Format Version 12.00
# Visual Studio Version 16
VisualStudioVersion = 16.0.29920.165
MinimumVisualStudioVersion = 10.0.40219.1
Project("{888888A0-9F3D-457C-B088-3A5042F75D52}") = "List Functions", "List Functions.pyproj", "{A619E2FB-7AB5-4F92-BC00-13BBCC90A867}"
EndProject
Global
	GlobalSection(SolutionConfigurationPlatforms) = preSolution
		Debug|Any CPU = Debug|Any CPU
		Release|Any CPU = Release|Any CPU
	EndGlobalSection
	GlobalSection(ProjectConfigurationPlatforms) = postSolution
		{A619E2FB-7AB5-4F92-BC00-13BBCC90A867}.Debug|Any CPU.ActiveCfg = Debug|Any CPU
		{A619E2FB-7AB5-4F92-BC00-13BBCC90A867}.Release|Any CPU.ActiveCfg = Release|Any CPU
	EndGlobalSection
	GlobalSection(SolutionProperties) = preSolution
		HideSolutionNode = FALSE
	EndGlobalSection
	GlobalSection(ExtensibilityGlobals) = postSolution
		SolutionGuid = {1D5FEFEB-DB53-44D8-994A-7E9FA8DCB9CF}
	EndGlobalSection
EndGlobal
