
Microsoft Visual Studio Solution File, Format Version 12.00
# Visual Studio Version 16
VisualStudioVersion = 16.0.30011.22
MinimumVisualStudioVersion = 10.0.40219.1
Project("{888888A0-9F3D-457C-B088-3A5042F75D52}") = "Groups", "Groups\Groups.pyproj", "{5EFFF949-DF63-4072-8517-85460A1E6051}"
EndProject
Global
	GlobalSection(SolutionConfigurationPlatforms) = preSolution
		Debug|Any CPU = Debug|Any CPU
		Release|Any CPU = Release|Any CPU
	EndGlobalSection
	GlobalSection(ProjectConfigurationPlatforms) = postSolution
		{5EFFF949-DF63-4072-8517-85460A1E6051}.Debug|Any CPU.ActiveCfg = Debug|Any CPU
		{5EFFF949-DF63-4072-8517-85460A1E6051}.Release|Any CPU.ActiveCfg = Release|Any CPU
	EndGlobalSection
	GlobalSection(SolutionProperties) = preSolution
		HideSolutionNode = FALSE
	EndGlobalSection
	GlobalSection(ExtensibilityGlobals) = postSolution
		SolutionGuid = {54301D8D-0920-4FFA-A7A7-A0145A74A2D9}
	EndGlobalSection
EndGlobal
