
Microsoft Visual Studio Solution File, Format Version 12.00
# Visual Studio Version 16
VisualStudioVersion = 16.0.29926.136
MinimumVisualStudioVersion = 10.0.40219.1
Project("{888888A0-9F3D-457C-B088-3A5042F75D52}") = "Modules", "Modules.pyproj", "{69F73342-0AD8-4A51-A945-47C6F094778F}"
EndProject
Global
	GlobalSection(SolutionConfigurationPlatforms) = preSolution
		Debug|Any CPU = Debug|Any CPU
		Release|Any CPU = Release|Any CPU
	EndGlobalSection
	GlobalSection(ProjectConfigurationPlatforms) = postSolution
		{69F73342-0AD8-4A51-A945-47C6F094778F}.Debug|Any CPU.ActiveCfg = Debug|Any CPU
		{69F73342-0AD8-4A51-A945-47C6F094778F}.Release|Any CPU.ActiveCfg = Release|Any CPU
	EndGlobalSection
	GlobalSection(SolutionProperties) = preSolution
		HideSolutionNode = FALSE
	EndGlobalSection
	GlobalSection(ExtensibilityGlobals) = postSolution
		SolutionGuid = {D8B19FD4-A919-4B89-BB2A-3533B2DA8CD9}
	EndGlobalSection
EndGlobal
