
Microsoft Visual Studio Solution File, Format Version 12.00
# Visual Studio Version 16
VisualStudioVersion = 16.0.30011.22
MinimumVisualStudioVersion = 10.0.40219.1
Project("{888888A0-9F3D-457C-B088-3A5042F75D52}") = "Inheritance", "Inheritance\Inheritance.pyproj", "{DF02C892-78EA-4280-AF6A-FA3211360AAE}"
EndProject
Global
	GlobalSection(SolutionConfigurationPlatforms) = preSolution
		Debug|Any CPU = Debug|Any CPU
		Release|Any CPU = Release|Any CPU
	EndGlobalSection
	GlobalSection(ProjectConfigurationPlatforms) = postSolution
		{DF02C892-78EA-4280-AF6A-FA3211360AAE}.Debug|Any CPU.ActiveCfg = Debug|Any CPU
		{DF02C892-78EA-4280-AF6A-FA3211360AAE}.Release|Any CPU.ActiveCfg = Release|Any CPU
	EndGlobalSection
	GlobalSection(SolutionProperties) = preSolution
		HideSolutionNode = FALSE
	EndGlobalSection
	GlobalSection(ExtensibilityGlobals) = postSolution
		SolutionGuid = {10D2F347-B1AE-43A1-9162-9263BED23DB7}
	EndGlobalSection
EndGlobal
