
Microsoft Visual Studio Solution File, Format Version 12.00
# Visual Studio Version 16
VisualStudioVersion = 16.0.30011.22
MinimumVisualStudioVersion = 10.0.40219.1
Project("{888888A0-9F3D-457C-B088-3A5042F75D52}") = "Email Extraction", "Email Extraction\Email Extraction.pyproj", "{0214220F-E5D4-4F09-854C-84508713E108}"
EndProject
Global
	GlobalSection(SolutionConfigurationPlatforms) = preSolution
		Debug|Any CPU = Debug|Any CPU
		Release|Any CPU = Release|Any CPU
	EndGlobalSection
	GlobalSection(ProjectConfigurationPlatforms) = postSolution
		{0214220F-E5D4-4F09-854C-84508713E108}.Debug|Any CPU.ActiveCfg = Debug|Any CPU
		{0214220F-E5D4-4F09-854C-84508713E108}.Release|Any CPU.ActiveCfg = Release|Any CPU
	EndGlobalSection
	GlobalSection(SolutionProperties) = preSolution
		HideSolutionNode = FALSE
	EndGlobalSection
	GlobalSection(ExtensibilityGlobals) = postSolution
		SolutionGuid = {FB9E2754-E014-4BD3-B5B3-D4CFA1755088}
	EndGlobalSection
EndGlobal
