
Microsoft Visual Studio Solution File, Format Version 12.00
# Visual Studio Version 16
VisualStudioVersion = 16.0.30011.22
MinimumVisualStudioVersion = 10.0.40219.1
Project("{888888A0-9F3D-457C-B088-3A5042F75D52}") = "Itertools", "Itertools\Itertools.pyproj", "{E69C45C8-4FEC-4A0D-8A8A-623A1D1259E5}"
EndProject
Global
	GlobalSection(SolutionConfigurationPlatforms) = preSolution
		Debug|Any CPU = Debug|Any CPU
		Release|Any CPU = Release|Any CPU
	EndGlobalSection
	GlobalSection(ProjectConfigurationPlatforms) = postSolution
		{E69C45C8-4FEC-4A0D-8A8A-623A1D1259E5}.Debug|Any CPU.ActiveCfg = Debug|Any CPU
		{E69C45C8-4FEC-4A0D-8A8A-623A1D1259E5}.Release|Any CPU.ActiveCfg = Release|Any CPU
	EndGlobalSection
	GlobalSection(SolutionProperties) = preSolution
		HideSolutionNode = FALSE
	EndGlobalSection
	GlobalSection(ExtensibilityGlobals) = postSolution
		SolutionGuid = {96055324-49F3-4BBE-980F-13F901E63BF1}
	EndGlobalSection
EndGlobal
