
Microsoft Visual Studio Solution File, Format Version 12.00
# Visual Studio Version 16
VisualStudioVersion = 16.0.29911.84
MinimumVisualStudioVersion = 10.0.40219.1
Project("{888888A0-9F3D-457C-B088-3A5042F75D52}") = "Using an editor", "Using an editor.pyproj", "{AAC7FA74-28C9-4946-AFE8-5A8D09C79620}"
EndProject
Global
	GlobalSection(SolutionConfigurationPlatforms) = preSolution
		Debug|Any CPU = Debug|Any CPU
		Release|Any CPU = Release|Any CPU
	EndGlobalSection
	GlobalSection(ProjectConfigurationPlatforms) = postSolution
		{AAC7FA74-28C9-4946-AFE8-5A8D09C79620}.Debug|Any CPU.ActiveCfg = Debug|Any CPU
		{AAC7FA74-28C9-4946-AFE8-5A8D09C79620}.Release|Any CPU.ActiveCfg = Release|Any CPU
	EndGlobalSection
	GlobalSection(SolutionProperties) = preSolution
		HideSolutionNode = FALSE
	EndGlobalSection
	GlobalSection(ExtensibilityGlobals) = postSolution
		SolutionGuid = {C217BAF7-BD4F-439D-A8E7-026CD5B0E230}
	EndGlobalSection
EndGlobal
