
Microsoft Visual Studio Solution File, Format Version 12.00
# Visual Studio Version 16
VisualStudioVersion = 16.0.29926.136
MinimumVisualStudioVersion = 10.0.40219.1
Project("{888888A0-9F3D-457C-B088-3A5042F75D52}") = "Function Arguments", "Function Arguments.pyproj", "{9E592602-F1DA-4E55-8D68-EE416F5430F1}"
EndProject
Global
	GlobalSection(SolutionConfigurationPlatforms) = preSolution
		Debug|Any CPU = Debug|Any CPU
		Release|Any CPU = Release|Any CPU
	EndGlobalSection
	GlobalSection(ProjectConfigurationPlatforms) = postSolution
		{9E592602-F1DA-4E55-8D68-EE416F5430F1}.Debug|Any CPU.ActiveCfg = Debug|Any CPU
		{9E592602-F1DA-4E55-8D68-EE416F5430F1}.Release|Any CPU.ActiveCfg = Release|Any CPU
	EndGlobalSection
	GlobalSection(SolutionProperties) = preSolution
		HideSolutionNode = FALSE
	EndGlobalSection
	GlobalSection(ExtensibilityGlobals) = postSolution
		SolutionGuid = {CA00F552-BB04-4921-BEA6-C4112D374A56}
	EndGlobalSection
EndGlobal
