
Microsoft Visual Studio Solution File, Format Version 12.00
# Visual Studio Version 16
VisualStudioVersion = 16.0.29911.84
MinimumVisualStudioVersion = 10.0.40219.1
Project("{888888A0-9F3D-457C-B088-3A5042F75D52}") = "What is Python", "What is Python.pyproj", "{82BA01CB-A924-4C7C-8A6A-0B9026820C25}"
EndProject
Global
	GlobalSection(SolutionConfigurationPlatforms) = preSolution
		Debug|Any CPU = Debug|Any CPU
		Release|Any CPU = Release|Any CPU
	EndGlobalSection
	GlobalSection(ProjectConfigurationPlatforms) = postSolution
		{82BA01CB-A924-4C7C-8A6A-0B9026820C25}.Debug|Any CPU.ActiveCfg = Debug|Any CPU
		{82BA01CB-A924-4C7C-8A6A-0B9026820C25}.Release|Any CPU.ActiveCfg = Release|Any CPU
	EndGlobalSection
	GlobalSection(SolutionProperties) = preSolution
		HideSolutionNode = FALSE
	EndGlobalSection
	GlobalSection(ExtensibilityGlobals) = postSolution
		SolutionGuid = {EAE794D3-9666-4AA8-BB80-502904AE288E}
	EndGlobalSection
EndGlobal
